lockfileVersion: '6.0'

settings:
  autoInstallPeers: true
  excludeLinksFromLockfile: false

dependencies:
  '@clack/prompts':
    specifier: ^0.7.0
    version: 0.7.0
  degit:
    specifier: ^2.8.4
    version: 2.8.4

packages:

  /@clack/core@0.3.4:
    resolution: {integrity: sha512-H4hxZDXgHtWTwV3RAVenqcC4VbJZNegbBjlPvzOzCouXtS2y3sDvlO3IsbrPNWuLWPPlYVYPghQdSF64683Ldw==}
    dependencies:
      picocolors: 1.0.1
      sisteransi: 1.0.5
    dev: false

  /@clack/prompts@0.7.0:
    resolution: {integrity: sha512-0MhX9/B4iL6Re04jPrttDm+BsP8y6mS7byuv0BvXgdXhbV5PdlsHt55dvNsuBCPZ7xq1oTAOOuotR9NFbQyMSA==}
    dependencies:
      '@clack/core': 0.3.4
      picocolors: 1.0.1
      sisteransi: 1.0.5
    dev: false
    bundledDependencies:
      - is-unicode-supported

  /degit@2.8.4:
    resolution: {integrity: sha512-vqYuzmSA5I50J882jd+AbAhQtgK6bdKUJIex1JNfEUPENCgYsxugzKVZlFyMwV4i06MmnV47/Iqi5Io86zf3Ng==}
    engines: {node: '>=8.0.0'}
    hasBin: true
    dev: false

  /picocolors@1.0.1:
    resolution: {integrity: sha512-anP1Z8qwhkbmu7MFP5iTt+wQKXgwzf7zTyGlcdzabySa9vd0Xt392U0rVmz9poOaBj0uHJKyyo9/upk0HrEQew==}
    dev: false

  /sisteransi@1.0.5:
    resolution: {integrity: sha512-bLGGlR1QxBcynn2d5YmDX4MGjlZvy2MRBDRNHLJ8VI6l6+9FUiyTFNJ0IveOSP0bcXgVDPRcfGqA0pjaqUpfVg==}
    dev: false
